
Microsoft Visual Studio Solution File, Format Version 12.00
# Visual Studio Version 16
VisualStudioVersion = 16.0.33423.256
MinimumVisualStudioVersion = 10.0.40219.1
Project("{FAE04EC0-301F-11D3-BF4B-00C04F79EFBC}") = "DAL", "DAL\DAL.csproj", "{445A3880-008E-405A-A35D-8AF1A8ED4423}"
EndProject
Project("{2150E333-8FDC-42A3-9474-1A3956D46DE8}") = "3.DataAccessLayer", "3.DataAccessLayer", "{A8B5C2C9-B20A-43D5-9B67-97C8566AAB9B}"
EndProject
Project("{2150E333-8FDC-42A3-9474-1A3956D46DE8}") = "1.ViewLayer", "1.ViewLayer", "{CCE299CC-57A3-4BEE-9799-E398EE3CC0F4}"
EndProject
Project("{2150E333-8FDC-42A3-9474-1A3956D46DE8}") = "2.BussinessModelLayer", "2.BussinessModelLayer", "{9AE369C6-4E0A-447A-B996-C7EF33416C3F}"
EndProject
Project("{FAE04EC0-301F-11D3-BF4B-00C04F79EFBC}") = "PVL", "PVL\PVL.csproj", "{7CFBF458-62BE-409B-A810-5D70E5F5F9F4}"
EndProject
Project("{FAE04EC0-301F-11D3-BF4B-00C04F79EFBC}") = "BML", "BML\BML.csproj", "{4B237D65-805D-45A5-A6ED-A02A977A1DF0}"
EndProject
Global
	GlobalSection(SolutionConfigurationPlatforms) = preSolution
		Debug|Any CPU = Debug|Any CPU
		Release|Any CPU = Release|Any CPU
	EndGlobalSection
	GlobalSection(ProjectConfigurationPlatforms) = postSolution
		{445A3880-008E-405A-A35D-8AF1A8ED4423}.Debug|Any CPU.ActiveCfg = Debug|Any CPU
		{445A3880-008E-405A-A35D-8AF1A8ED4423}.Debug|Any CPU.Build.0 = Debug|Any CPU
		{445A3880-008E-405A-A35D-8AF1A8ED4423}.Release|Any CPU.ActiveCfg = Release|Any CPU
		{445A3880-008E-405A-A35D-8AF1A8ED4423}.Release|Any CPU.Build.0 = Release|Any CPU
		{7CFBF458-62BE-409B-A810-5D70E5F5F9F4}.Debug|Any CPU.ActiveCfg = Debug|Any CPU
		{7CFBF458-62BE-409B-A810-5D70E5F5F9F4}.Debug|Any CPU.Build.0 = Debug|Any CPU
		{7CFBF458-62BE-409B-A810-5D70E5F5F9F4}.Release|Any CPU.ActiveCfg = Release|Any CPU
		{7CFBF458-62BE-409B-A810-5D70E5F5F9F4}.Release|Any CPU.Build.0 = Release|Any CPU
		{4B237D65-805D-45A5-A6ED-A02A977A1DF0}.Debug|Any CPU.ActiveCfg = Debug|Any CPU
		{4B237D65-805D-45A5-A6ED-A02A977A1DF0}.Debug|Any CPU.Build.0 = Debug|Any CPU
		{4B237D65-805D-45A5-A6ED-A02A977A1DF0}.Release|Any CPU.ActiveCfg = Release|Any CPU
		{4B237D65-805D-45A5-A6ED-A02A977A1DF0}.Release|Any CPU.Build.0 = Release|Any CPU
	EndGlobalSection
	GlobalSection(SolutionProperties) = preSolution
		HideSolutionNode = FALSE
	EndGlobalSection
	GlobalSection(NestedProjects) = preSolution
		{445A3880-008E-405A-A35D-8AF1A8ED4423} = {A8B5C2C9-B20A-43D5-9B67-97C8566AAB9B}
		{7CFBF458-62BE-409B-A810-5D70E5F5F9F4} = {CCE299CC-57A3-4BEE-9799-E398EE3CC0F4}
		{4B237D65-805D-45A5-A6ED-A02A977A1DF0} = {9AE369C6-4E0A-447A-B996-C7EF33416C3F}
	EndGlobalSection
	GlobalSection(ExtensibilityGlobals) = postSolution
		SolutionGuid = {756BC960-7449-483E-B645-061F6B0E6941}
	EndGlobalSection
EndGlobal
